
Microsoft Visual Studio Solution File, Format Version 12.00
# Visual Studio Version 17
VisualStudioVersion = 17.2.32602.215
MinimumVisualStudioVersion = 10.0.40219.1
Project("{9A19103F-16F7-4668-BE54-9A1E7A4F7556}") = "Access_SQL_ADO.NET", "Access_SQL_ADO.NET.csproj", "{110824A7-138E-4C83-9925-9B3E1CCB4B2C}"
EndProject
Project("{9A19103F-16F7-4668-BE54-9A1E7A4F7556}") = "Payroll_Test", "..\Payroll_Test\Payroll_Test.csproj", "{CF2F1504-FEB1-43D2-981B-E663C8A23337}"
EndProject
Project("{FAE04EC0-301F-11D3-BF4B-00C04F79EFBC}") = "RestSharpTest", "..\RestSharpTest\RestSharpTest.csproj", "{D43D74A2-7741-4F6A-9D3C-B3A05F16463B}"
EndProject
Global
	GlobalSection(SolutionConfigurationPlatforms) = preSolution
		Debug|Any CPU = Debug|Any CPU
		Release|Any CPU = Release|Any CPU
	EndGlobalSection
	GlobalSection(ProjectConfigurationPlatforms) = postSolution
		{110824A7-138E-4C83-9925-9B3E1CCB4B2C}.Debug|Any CPU.ActiveCfg = Debug|Any CPU
		{110824A7-138E-4C83-9925-9B3E1CCB4B2C}.Debug|Any CPU.Build.0 = Debug|Any CPU
		{110824A7-138E-4C83-9925-9B3E1CCB4B2C}.Release|Any CPU.ActiveCfg = Release|Any CPU
		{110824A7-138E-4C83-9925-9B3E1CCB4B2C}.Release|Any CPU.Build.0 = Release|Any CPU
		{CF2F1504-FEB1-43D2-981B-E663C8A23337}.Debug|Any CPU.ActiveCfg = Debug|Any CPU
		{CF2F1504-FEB1-43D2-981B-E663C8A23337}.Debug|Any CPU.Build.0 = Debug|Any CPU
		{CF2F1504-FEB1-43D2-981B-E663C8A23337}.Release|Any CPU.ActiveCfg = Release|Any CPU
		{CF2F1504-FEB1-43D2-981B-E663C8A23337}.Release|Any CPU.Build.0 = Release|Any CPU
		{D43D74A2-7741-4F6A-9D3C-B3A05F16463B}.Debug|Any CPU.ActiveCfg = Debug|Any CPU
		{D43D74A2-7741-4F6A-9D3C-B3A05F16463B}.Debug|Any CPU.Build.0 = Debug|Any CPU
		{D43D74A2-7741-4F6A-9D3C-B3A05F16463B}.Release|Any CPU.ActiveCfg = Release|Any CPU
		{D43D74A2-7741-4F6A-9D3C-B3A05F16463B}.Release|Any CPU.Build.0 = Release|Any CPU
	EndGlobalSection
	GlobalSection(SolutionProperties) = preSolution
		HideSolutionNode = FALSE
	EndGlobalSection
	GlobalSection(ExtensibilityGlobals) = postSolution
		SolutionGuid = {92CA8579-ADA3-49A8-9766-631FB69A8882}
	EndGlobalSection
EndGlobal
